
Microsoft Visual Studio Solution File, Format Version 12.00
# Visual Studio Version 17
VisualStudioVersion = 17.14.36127.28 d17.14
MinimumVisualStudioVersion = 10.0.40219.1
Project("{FAE04EC0-301F-11D3-BF4B-00C04F79EFBC}") = "SME_Ecotech2A.API", "SME_Ecotech2A.API\SME_Ecotech2A.API.csproj", "{37D00A18-00A2-4653-A1F5-4598FB4BC079}"
EndProject
Project("{FAE04EC0-301F-11D3-BF4B-00C04F79EFBC}") = "SME_Ecotech2A.Application", "SME_Ecotech2A.Application\SME_Ecotech2A.Application.csproj", "{7C96588A-91CD-41D0-A745-D88D13AAE2D2}"
EndProject
Project("{FAE04EC0-301F-11D3-BF4B-00C04F79EFBC}") = "SME_Ecotech2A.Domain", "SME_Ecotech2A.Domain\SME_Ecotech2A.Domain.csproj", "{7BA28C6A-3D24-4A01-9660-ACDBEF23949B}"
EndProject
Project("{FAE04EC0-301F-11D3-BF4B-00C04F79EFBC}") = "SME_Ecotech2A.Infrastructure", "SME_Ecotech2A.Infrastructure\SME_Ecotech2A.Infrastructure.csproj", "{C456E902-3827-4C33-A0E7-DE2BB00DB655}"
EndProject
Global
	GlobalSection(SolutionConfigurationPlatforms) = preSolution
		Debug|Any CPU = Debug|Any CPU
		Release|Any CPU = Release|Any CPU
	EndGlobalSection
	GlobalSection(ProjectConfigurationPlatforms) = postSolution
		{37D00A18-00A2-4653-A1F5-4598FB4BC079}.Debug|Any CPU.ActiveCfg = Debug|Any CPU
		{37D00A18-00A2-4653-A1F5-4598FB4BC079}.Debug|Any CPU.Build.0 = Debug|Any CPU
		{37D00A18-00A2-4653-A1F5-4598FB4BC079}.Release|Any CPU.ActiveCfg = Release|Any CPU
		{37D00A18-00A2-4653-A1F5-4598FB4BC079}.Release|Any CPU.Build.0 = Release|Any CPU
		{7C96588A-91CD-41D0-A745-D88D13AAE2D2}.Debug|Any CPU.ActiveCfg = Debug|Any CPU
		{7C96588A-91CD-41D0-A745-D88D13AAE2D2}.Debug|Any CPU.Build.0 = Debug|Any CPU
		{7C96588A-91CD-41D0-A745-D88D13AAE2D2}.Release|Any CPU.ActiveCfg = Release|Any CPU
		{7C96588A-91CD-41D0-A745-D88D13AAE2D2}.Release|Any CPU.Build.0 = Release|Any CPU
		{7BA28C6A-3D24-4A01-9660-ACDBEF23949B}.Debug|Any CPU.ActiveCfg = Debug|Any CPU
		{7BA28C6A-3D24-4A01-9660-ACDBEF23949B}.Debug|Any CPU.Build.0 = Debug|Any CPU
		{7BA28C6A-3D24-4A01-9660-ACDBEF23949B}.Release|Any CPU.ActiveCfg = Release|Any CPU
		{7BA28C6A-3D24-4A01-9660-ACDBEF23949B}.Release|Any CPU.Build.0 = Release|Any CPU
		{C456E902-3827-4C33-A0E7-DE2BB00DB655}.Debug|Any CPU.ActiveCfg = Debug|Any CPU
		{C456E902-3827-4C33-A0E7-DE2BB00DB655}.Debug|Any CPU.Build.0 = Debug|Any CPU
		{C456E902-3827-4C33-A0E7-DE2BB00DB655}.Release|Any CPU.ActiveCfg = Release|Any CPU
		{C456E902-3827-4C33-A0E7-DE2BB00DB655}.Release|Any CPU.Build.0 = Release|Any CPU
	EndGlobalSection
	GlobalSection(SolutionProperties) = preSolution
		HideSolutionNode = FALSE
	EndGlobalSection
	GlobalSection(ExtensibilityGlobals) = postSolution
		SolutionGuid = {63640DB9-3515-4375-B593-38EF118A3046}
	EndGlobalSection
EndGlobal
